
Microsoft Visual Studio Solution File, Format Version 12.00
# Visual Studio 15
VisualStudioVersion = 15.0.27004.2008
MinimumVisualStudioVersion = 10.0.40219.1
Project("{FAE04EC0-301F-11D3-BF4B-00C04F79EFBC}") = "TextExercises", "TextExercises\TextExercises.csproj", "{B2F03942-DBDC-453F-BC79-ABF675759777}"
EndProject
Global
	GlobalSection(SolutionConfigurationPlatforms) = preSolution
		Debug|Any CPU = Debug|Any CPU
		Release|Any CPU = Release|Any CPU
	EndGlobalSection
	GlobalSection(ProjectConfigurationPlatforms) = postSolution
		{B2F03942-DBDC-453F-BC79-ABF675759777}.Debug|Any CPU.ActiveCfg = Debug|Any CPU
		{B2F03942-DBDC-453F-BC79-ABF675759777}.Debug|Any CPU.Build.0 = Debug|Any CPU
		{B2F03942-DBDC-453F-BC79-ABF675759777}.Release|Any CPU.ActiveCfg = Release|Any CPU
		{B2F03942-DBDC-453F-BC79-ABF675759777}.Release|Any CPU.Build.0 = Release|Any CPU
	EndGlobalSection
	GlobalSection(SolutionProperties) = preSolution
		HideSolutionNode = FALSE
	EndGlobalSection
	GlobalSection(ExtensibilityGlobals) = postSolution
		SolutionGuid = {00EA1454-B156-4F32-9277-DC4A9D58B295}
	EndGlobalSection
EndGlobal
